# THIS IS AN AUTOGENERATED FILE. DO NOT EDIT THIS FILE DIRECTLY.
# yarn lockfile v1


"@rxdi/parcel-plugin-shebang@0.7.5":
  version "0.7.5"
  resolved "https://registry.yarnpkg.com/@rxdi/parcel-plugin-shebang/-/parcel-plugin-shebang-0.7.5.tgz#ce1a7b159d0f44896d02d6c521db7752caa80e0b"
  integrity sha512-7pLS+6xRBRZSJ2EVtNisFctnuTLyn192KWPREE/+6wJ79Nid52I3mjAbUxum2BunlzpMeKuOSnhuZAyNLqSFzA==
  dependencies:
    escape-string-regexp "^2.0.0"
    yn "^3.1.0"

escape-string-regexp@^2.0.0:
  version "2.0.0"
  resolved "https://registry.yarnpkg.com/escape-string-regexp/-/escape-string-regexp-2.0.0.tgz#a30304e99daa32e23b2fd20f51babd07cffca344"
  integrity sha512-UpzcLCXolUWcNu5HtVMHYdXJjArjsF9C0aNnquZYY4uW/Vu0miy5YoWvbV345HauVvcAUnpRuhMMcqTcGOY2+w==

yn@^3.1.0:
  version "3.1.1"
  resolved "https://registry.yarnpkg.com/yn/-/yn-3.1.1.tgz#1e87401a09d767c1d5eab26a6e4c185182d2eb50"
  integrity sha512-Ux4ygGWsu2c7isFWe8Yu1YluJmqVhxqK2cLXNQA5AcC3QfbGNpM7fu0Y8b/z16pXLnFxZYvWhd3fhBY9DLmC6Q==
